<?xml version="1.0" encoding="UTF-8" standalone="yes" ?>
<CodeBlocks_project_file>
	<FileVersion major="1" minor="6" />
	<Project>
		<Option title="medicom" />
		<Option pch_mode="2" />
		<Option compiler="gcc" />
		<Build>
			<Target title="Debug">
				<Option output="bin/Debug/medicom" prefix_auto="1" extension_auto="1" />
				<Option object_output="obj/Debug/" />
				<Option type="1" />
				<Option compiler="gcc" />
				<Compiler>
					<Add option="-g" />
				</Compiler>
			</Target>
			<Target title="Release">
				<Option output="bin/Release/medicom" prefix_auto="1" extension_auto="1" />
				<Option object_output="obj/Release/" />
				<Option type="1" />
				<Option compiler="gcc" />
				<Compiler>
					<Add option="-O2" />
				</Compiler>
				<Linker>
					<Add option="-s" />
				</Linker>
			</Target>
		</Build>
		<Compiler>
			<Add option="-Wall" />
		</Compiler>
		<Unit filename="../../medicom/api/accountinfo.js" />
		<Unit filename="../../medicom/api/adminrecord.js" />
		<Unit filename="../../medicom/api/association.js" />
		<Unit filename="../../medicom/api/common.js" />
		<Unit filename="../../medicom/api/identity.js" />
		<Unit filename="../../medicom/api/medicalsession.js" />
		<Unit filename="../../medicom/api/memranker.js" />
		<Unit filename="../../medicom/api/patient.js" />
		<Unit filename="../../medicom/api/privilege.js" />
		<Unit filename="../../medicom/api/profile.js" />
		<Unit filename="../../medicom/api/provider.js" />
		<Unit filename="../../medicom/api/seqscore.js" />
		<Unit filename="../../medicom/api/symptomstable.js" />
		<Unit filename="../../medicom/api/usergroup.js" />
		<Unit filename="../../medicom/api/valuetable.js" />
		<Unit filename="../../medicom/client/css/emotionless.css" />
		<Unit filename="../../medicom/client/css/simplicity.css" />
		<Unit filename="../../medicom/client/css/tranquil.css" />
		<Unit filename="../../medicom/client/html/accountsettings.html" />
		<Unit filename="../../medicom/client/html/activitycenter.html" />
		<Unit filename="../../medicom/client/html/admin.html" />
		<Unit filename="../../medicom/client/html/autherror.html" />
		<Unit filename="../../medicom/client/html/bpbrowser.html" />
		<Unit filename="../../medicom/client/html/databrowser.html" />
		<Unit filename="../../medicom/client/html/fitbitbrowser.html" />
		<Unit filename="../../medicom/client/html/home.html" />
		<Unit filename="../../medicom/client/html/login.html" />
		<Unit filename="../../medicom/client/html/patient.hml" />
		<Unit filename="../../medicom/client/html/patient.html" />
		<Unit filename="../../medicom/client/html/pbcbrowser.html" />
		<Unit filename="../../medicom/client/html/profilesettings.html" />
		<Unit filename="../../medicom/client/html/provider.html" />
		<Unit filename="../../medicom/client/html/registration.html" />
		<Unit filename="../../medicom/client/html/registrationresult.html" />
		<Unit filename="../../medicom/client/html/sessionbrowser.html" />
		<Unit filename="../../medicom/client/html/sessionnotes.html" />
		<Unit filename="../../medicom/client/html/sessionsettings.html" />
		<Unit filename="../../medicom/client/html/smartbrowser.html" />
		<Unit filename="../../medicom/client/html/symptombrowser.html" />
		<Unit filename="../../medicom/client/html/userbrowser.html" />
		<Unit filename="../../medicom/client/js/accountsettings.js" />
		<Unit filename="../../medicom/client/js/activitycenter.js" />
		<Unit filename="../../medicom/client/js/bpdisplay.js" />
		<Unit filename="../../medicom/client/js/databrowser.js" />
		<Unit filename="../../medicom/client/js/effects.js" />
		<Unit filename="../../medicom/client/js/fitbitdisplay.js" />
		<Unit filename="../../medicom/client/js/home.js" />
		<Unit filename="../../medicom/client/js/login.js" />
		<Unit filename="../../medicom/client/js/notesdisplay.js" />
		<Unit filename="../../medicom/client/js/patient.js" />
		<Unit filename="../../medicom/client/js/pbcdisplay.js" />
		<Unit filename="../../medicom/client/js/profile.js" />
		<Unit filename="../../medicom/client/js/provider.js" />
		<Unit filename="../../medicom/client/js/registration.js" />
		<Unit filename="../../medicom/client/js/session.js" />
		<Unit filename="../../medicom/client/js/sessionbrowser.js" />
		<Unit filename="../../medicom/client/js/sessionsetter.js" />
		<Unit filename="../../medicom/client/js/smartdisplay.js" />
		<Unit filename="../../medicom/client/js/symptomsdisplay.js" />
		<Unit filename="../../medicom/client/js/userbrowser.js" />
		<Unit filename="../../medicom/client/route.js" />
		<Unit filename="../../medicom/client/testcases.js" />
		<Unit filename="../../medicom/server/accountcontrol.js" />
		<Unit filename="../../medicom/server/accountmanager.js" />
		<Unit filename="../../medicom/server/admincontrol.js" />
		<Unit filename="../../medicom/server/adminrecordmodel.js" />
		<Unit filename="../../medicom/server/assistantcontrol.js" />
		<Unit filename="../../medicom/server/associationmodel.js" />
		<Unit filename="../../medicom/server/datamodelcontext.js" />
		<Unit filename="../../medicom/server/identitymodel.js" />
		<Unit filename="../../medicom/server/main.js" />
		<Unit filename="../../medicom/server/measure.js" />
		<Unit filename="../../medicom/server/measurebp.js" />
		<Unit filename="../../medicom/server/measurecontrol.js" />
		<Unit filename="../../medicom/server/measurefitbit.js" />
		<Unit filename="../../medicom/server/measuremodel.js" />
		<Unit filename="../../medicom/server/measurepillbottlecap.js" />
		<Unit filename="../../medicom/server/measuresymptoms.js" />
		<Unit filename="../../medicom/server/patientcontrol.js" />
		<Unit filename="../../medicom/server/patientmodel.js" />
		<Unit filename="../../medicom/server/privilegecontrol.js" />
		<Unit filename="../../medicom/server/privilegenetwork.js" />
		<Unit filename="../../medicom/server/profilecontrol.js" />
		<Unit filename="../../medicom/server/profilemodel.js" />
		<Unit filename="../../medicom/server/protocols/httpprotocols.js" />
		<Unit filename="../../medicom/server/protocols/methods.js" />
		<Unit filename="../../medicom/server/providercontrol.js" />
		<Unit filename="../../medicom/server/providermodel.js" />
		<Unit filename="../../medicom/server/sessioncontrol.js" />
		<Unit filename="../../medicom/server/sessionmanager.js" />
		<Unit filename="../../medicom/server/sessionmodel.js" />
		<Unit filename="../../medicom/server/testcase.js" />
		<Unit filename="../../medicom/server/testdata.js" />
		<Extensions>
			<code_completion />
			<envvars />
			<debugger />
			<lib_finder disable_auto="1" />
		</Extensions>
	</Project>
</CodeBlocks_project_file>
